// !$*UTF8*$!
{
	archiveVersion = 1;
	classes = {
	};
	objectVersion = 55;
	objects = {

/* Begin PBXBuildFile section */
		9419E69B28D5CFFE00C29FB5 /* AppDelegate.swift in Sources */ = {isa = PBXBuildFile; fileRef = 9419E69A28D5CFFE00C29FB5 /* AppDelegate.swift */; };
		9419E69D28D5CFFE00C29FB5 /* SceneDelegate.swift in Sources */ = {isa = PBXBuildFile; fileRef = 9419E69C28D5CFFE00C29FB5 /* SceneDelegate.swift */; };
		9419E69F28D5CFFE00C29FB5 /* WelcomeViewController.swift in Sources */ = {isa = PBXBuildFile; fileRef = 9419E69E28D5CFFE00C29FB5 /* WelcomeViewController.swift */; };
		9419E6A428D5CFFF00C29FB5 /* Assets.xcassets in Resources */ = {isa = PBXBuildFile; fileRef = 9419E6A328D5CFFF00C29FB5 /* Assets.xcassets */; };
		9419E6A728D5CFFF00C29FB5 /* LaunchScreen.storyboard in Resources */ = {isa = PBXBuildFile; fileRef = 9419E6A528D5CFFF00C29FB5 /* LaunchScreen.storyboard */; };
		9419E6AF28D5D6E400C29FB5 /* UIView+Pin.swift in Sources */ = {isa = PBXBuildFile; fileRef = 9419E6AE28D5D6E400C29FB5 /* UIView+Pin.swift */; };
		9419E6B228D5DF5200C29FB5 /* NSAttributedString+Hyperlink.swift in Sources */ = {isa = PBXBuildFile; fileRef = 9419E6B128D5DF5200C29FB5 /* NSAttributedString+Hyperlink.swift */; };
		94F0D6E128D619DB0095E61E /* UIButton+CustomMenuButton.swift in Sources */ = {isa = PBXBuildFile; fileRef = 94F0D6E028D619DB0095E61E /* UIButton+CustomMenuButton.swift */; };
/* End PBXBuildFile section */

/* Begin PBXFileReference section */
		9419E69728D5CFFE00C29FB5 /* mdleypunskiyPW2-2022.app */ = {isa = PBXFileReference; explicitFileType = wrapper.application; includeInIndex = 0; path = "mdleypunskiyPW2-2022.app"; sourceTree = BUILT_PRODUCTS_DIR; };
		9419E69A28D5CFFE00C29FB5 /* AppDelegate.swift */ = {isa = PBXFileReference; lastKnownFileType = sourcecode.swift; path = AppDelegate.swift; sourceTree = "<group>"; };
		9419E69C28D5CFFE00C29FB5 /* SceneDelegate.swift */ = {isa = PBXFileReference; lastKnownFileType = sourcecode.swift; path = SceneDelegate.swift; sourceTree = "<group>"; };
		9419E69E28D5CFFE00C29FB5 /* WelcomeViewController.swift */ = {isa = PBXFileReference; lastKnownFileType = sourcecode.swift; path = WelcomeViewController.swift; sourceTree = "<group>"; };
		9419E6A328D5CFFF00C29FB5 /* Assets.xcassets */ = {isa = PBXFileReference; lastKnownFileType = folder.assetcatalog; path = Assets.xcassets; sourceTree = "<group>"; };
		9419E6A628D5CFFF00C29FB5 /* Base */ = {isa = PBXFileReference; lastKnownFileType = file.storyboard; name = Base; path = Base.lproj/LaunchScreen.storyboard; sourceTree = "<group>"; };
		9419E6A828D5CFFF00C29FB5 /* Info.plist */ = {isa = PBXFileReference; lastKnownFileType = text.plist.xml; path = Info.plist; sourceTree = "<group>"; };
		9419E6AE28D5D6E400C29FB5 /* UIView+Pin.swift */ = {isa = PBXFileReference; fileEncoding = 4; lastKnownFileType = sourcecode.swift; path = "UIView+Pin.swift"; sourceTree = "<group>"; };
		9419E6B128D5DF5200C29FB5 /* NSAttributedString+Hyperlink.swift */ = {isa = PBXFileReference; lastKnownFileType = sourcecode.swift; path = "NSAttributedString+Hyperlink.swift"; sourceTree = "<group>"; };
		94F0D6E028D619DB0095E61E /* UIButton+CustomMenuButton.swift */ = {isa = PBXFileReference; lastKnownFileType = sourcecode.swift; path = "UIButton+CustomMenuButton.swift"; sourceTree = "<group>"; };
/* End PBXFileReference section */

/* Begin PBXFrameworksBuildPhase section */
		9419E69428D5CFFE00C29FB5 /* Frameworks */ = {
			isa = PBXFrameworksBuildPhase;
			buildActionMask = 2147483647;
			files = (
			);
			runOnlyForDeploymentPostprocessing = 0;
		};
/* End PBXFrameworksBuildPhase section */

/* Begin PBXGroup section */
		9419E68E28D5CFFE00C29FB5 = {
			isa = PBXGroup;
			children = (
				9419E69928D5CFFE00C29FB5 /* mdleypunskiyPW2-2022 */,
				9419E69828D5CFFE00C29FB5 /* Products */,
			);
			sourceTree = "<group>";
		};
		9419E69828D5CFFE00C29FB5 /* Products */ = {
			isa = PBXGroup;
			children = (
				9419E69728D5CFFE00C29FB5 /* mdleypunskiyPW2-2022.app */,
			);
			name = Products;
			sourceTree = "<group>";
		};
		9419E69928D5CFFE00C29FB5 /* mdleypunskiyPW2-2022 */ = {
			isa = PBXGroup;
			children = (
				9419E6B028D5DF1800C29FB5 /* Extensions */,
				9419E69A28D5CFFE00C29FB5 /* AppDelegate.swift */,
				9419E69C28D5CFFE00C29FB5 /* SceneDelegate.swift */,
				9419E69E28D5CFFE00C29FB5 /* WelcomeViewController.swift */,
				9419E6A328D5CFFF00C29FB5 /* Assets.xcassets */,
				9419E6A528D5CFFF00C29FB5 /* LaunchScreen.storyboard */,
				9419E6A828D5CFFF00C29FB5 /* Info.plist */,
			);
			path = "mdleypunskiyPW2-2022";
			sourceTree = "<group>";
		};
		9419E6B028D5DF1800C29FB5 /* Extensions */ = {
			isa = PBXGroup;
			children = (
				9419E6AE28D5D6E400C29FB5 /* UIView+Pin.swift */,
				9419E6B128D5DF5200C29FB5 /* NSAttributedString+Hyperlink.swift */,
				94F0D6E028D619DB0095E61E /* UIButton+CustomMenuButton.swift */,
			);
			path = Extensions;
			sourceTree = "<group>";
		};
/* End PBXGroup section */

/* Begin PBXNativeTarget section */
		9419E69628D5CFFE00C29FB5 /* mdleypunskiyPW2-2022 */ = {
			isa = PBXNativeTarget;
			buildConfigurationList = 9419E6AB28D5CFFF00C29FB5 /* Build configuration list for PBXNativeTarget "mdleypunskiyPW2-2022" */;
			buildPhases = (
				9419E69328D5CFFE00C29FB5 /* Sources */,
				9419E69428D5CFFE00C29FB5 /* Frameworks */,
				9419E69528D5CFFE00C29FB5 /* Resources */,
			);
			buildRules = (
			);
			dependencies = (
			);
			name = "mdleypunskiyPW2-2022";
			productName = "mdleypunskiyPW2-2022";
			productReference = 9419E69728D5CFFE00C29FB5 /* mdleypunskiyPW2-2022.app */;
			productType = "com.apple.product-type.application";
		};
/* End PBXNativeTarget section */

/* Begin PBXProject section */
		9419E68F28D5CFFE00C29FB5 /* Project object */ = {
			isa = PBXProject;
			attributes = {
				BuildIndependentTargetsInParallel = 1;
				LastSwiftUpdateCheck = 1340;
				LastUpgradeCheck = 1340;
				TargetAttributes = {
					9419E69628D5CFFE00C29FB5 = {
						CreatedOnToolsVersion = 13.4.1;
					};
				};
			};
			buildConfigurationList = 9419E69228D5CFFE00C29FB5 /* Build configuration list for PBXProject "mdleypunskiyPW2-2022" */;
			compatibilityVersion = "Xcode 13.0";
			developmentRegion = en;
			hasScannedForEncodings = 0;
			knownRegions = (
				en,
				Base,
			);
			mainGroup = 9419E68E28D5CFFE00C29FB5;
			productRefGroup = 9419E69828D5CFFE00C29FB5 /* Products */;
			projectDirPath = "";
			projectRoot = "";
			targets = (
				9419E69628D5CFFE00C29FB5 /* mdleypunskiyPW2-2022 */,
			);
		};
/* End PBXProject section */

/* Begin PBXResourcesBuildPhase section */
		9419E69528D5CFFE00C29FB5 /* Resources */ = {
			isa = PBXResourcesBuildPhase;
			buildActionMask = 2147483647;
			files = (
				9419E6A728D5CFFF00C29FB5 /* LaunchScreen.storyboard in Resources */,
				9419E6A428D5CFFF00C29FB5 /* Assets.xcassets in Resources */,
			);
			runOnlyForDeploymentPostprocessing = 0;
		};
/* End PBXResourcesBuildPhase section */

/* Begin PBXSourcesBuildPhase section */
		9419E69328D5CFFE00C29FB5 /* Sources */ = {
			isa = PBXSourcesBuildPhase;
			buildActionMask = 2147483647;
			files = (
				9419E69F28D5CFFE00C29FB5 /* WelcomeViewController.swift in Sources */,
				9419E6B228D5DF5200C29FB5 /* NSAttributedString+Hyperlink.swift in Sources */,
				9419E69B28D5CFFE00C29FB5 /* AppDelegate.swift in Sources */,
				94F0D6E128D619DB0095E61E /* UIButton+CustomMenuButton.swift in Sources */,
				9419E6AF28D5D6E400C29FB5 /* UIView+Pin.swift in Sources */,
				9419E69D28D5CFFE00C29FB5 /* SceneDelegate.swift in Sources */,
			);
			runOnlyForDeploymentPostprocessing = 0;
		};
/* End PBXSourcesBuildPhase section */

/* Begin PBXVariantGroup section */
		9419E6A528D5CFFF00C29FB5 /* LaunchScreen.storyboard */ = {
			isa = PBXVariantGroup;
			children = (
				9419E6A628D5CFFF00C29FB5 /* Base */,
			);
			name = LaunchScreen.storyboard;
			sourceTree = "<group>";
		};
/* End PBXVariantGroup section */

/* Begin XCBuildConfiguration section */
		9419E6A928D5CFFF00C29FB5 /* Debug */ = {
			isa = XCBuildConfiguration;
			buildSettings = {
				ALWAYS_SEARCH_USER_PATHS = NO;
				CLANG_ANALYZER_NONNULL = YES;
				CLANG_ANALYZER_NUMBER_OBJECT_CONVERSION = YES_AGGRESSIVE;
				CLANG_CXX_LANGUAGE_STANDARD = "gnu++17";
				CLANG_ENABLE_MODULES = YES;
				CLANG_ENABLE_OBJC_ARC = YES;
				CLANG_ENABLE_OBJC_WEAK = YES;
				CLANG_WARN_BLOCK_CAPTURE_AUTORELEASING = YES;
				CLANG_WARN_BOOL_CONVERSION = YES;
				CLANG_WARN_COMMA = YES;
				CLANG_WARN_CONSTANT_CONVERSION = YES;
				CLANG_WARN_DEPRECATED_OBJC_IMPLEMENTATIONS = YES;
				CLANG_WARN_DIRECT_OBJC_ISA_USAGE = YES_ERROR;
				CLANG_WARN_DOCUMENTATION_COMMENTS = YES;
				CLANG_WARN_EMPTY_BODY = YES;
				CLANG_WARN_ENUM_CONVERSION = YES;
				CLANG_WARN_INFINITE_RECURSION = YES;
				CLANG_WARN_INT_CONVERSION = YES;
				CLANG_WARN_NON_LITERAL_NULL_CONVERSION = YES;
				CLANG_WARN_OBJC_IMPLICIT_RETAIN_SELF = YES;
				CLANG_WARN_OBJC_LITERAL_CONVERSION = YES;
				CLANG_WARN_OBJC_ROOT_CLASS = YES_ERROR;
				CLANG_WARN_QUOTED_INCLUDE_IN_FRAMEWORK_HEADER = YES;
				CLANG_WARN_RANGE_LOOP_ANALYSIS = YES;
				CLANG_WARN_STRICT_PROTOTYPES = YES;
				CLANG_WARN_SUSPICIOUS_MOVE = YES;
				CLANG_WARN_UNGUARDED_AVAILABILITY = YES_AGGRESSIVE;
				CLANG_WARN_UNREACHABLE_CODE = YES;
				CLANG_WARN__DUPLICATE_METHOD_MATCH = YES;
				COPY_PHASE_STRIP = NO;
				DEBUG_INFORMATION_FORMAT = dwarf;
				ENABLE_STRICT_OBJC_MSGSEND = YES;
				ENABLE_TESTABILITY = YES;
				GCC_C_LANGUAGE_STANDARD = gnu11;
				GCC_DYNAMIC_NO_PIC = NO;
				GCC_NO_COMMON_BLOCKS = YES;
				GCC_OPTIMIZATION_LEVEL = 0;
				GCC_PREPROCESSOR_DEFINITIONS = (
					"DEBUG=1",
					"$(inherited)",
				);
				GCC_WARN_64_TO_32_BIT_CONVERSION = YES;
				GCC_WARN_ABOUT_RETURN_TYPE = YES_ERROR;
				GCC_WARN_UNDECLARED_SELECTOR = YES;
				GCC_WARN_UNINITIALIZED_AUTOS = YES_AGGRESSIVE;
				GCC_WARN_UNUSED_FUNCTION = YES;
				GCC_WARN_UNUSED_VARIABLE = YES;
				IPHONEOS_DEPLOYMENT_TARGET = 14.5;
				MTL_ENABLE_DEBUG_INFO = INCLUDE_SOURCE;
				MTL_FAST_MATH = YES;
				ONLY_ACTIVE_ARCH = YES;
				SDKROOT = iphoneos;
				SWIFT_ACTIVE_COMPILATION_CONDITIONS = DEBUG;
				SWIFT_OPTIMIZATION_LEVEL = "-Onone";
			};
			name = Debug;
		};
		9419E6AA28D5CFFF00C29FB5 /* Release */ = {
			isa = XCBuildConfiguration;
			buildSettings = {
				ALWAYS_SEARCH_USER_PATHS = NO;
				CLANG_ANALYZER_NONNULL = YES;
				CLANG_ANALYZER_NUMBER_OBJECT_CONVERSION = YES_AGGRESSIVE;
				CLANG_CXX_LANGUAGE_STANDARD = "gnu++17";
				CLANG_ENABLE_MODULES = YES;
				CLANG_ENABLE_OBJC_ARC = YES;
				CLANG_ENABLE_OBJC_WEAK = YES;
				CLANG_WARN_BLOCK_CAPTURE_AUTORELEASING = YES;
				CLANG_WARN_BOOL_CONVERSION = YES;
				CLANG_WARN_COMMA = YES;
				CLANG_WARN_CONSTANT_CONVERSION = YES;
				CLANG_WARN_DEPRECATED_OBJC_IMPLEMENTATIONS = YES;
				CLANG_WARN_DIRECT_OBJC_ISA_USAGE = YES_ERROR;
				CLANG_WARN_DOCUMENTATION_COMMENTS = YES;
				CLANG_WARN_EMPTY_BODY = YES;
				CLANG_WARN_ENUM_CONVERSION = YES;
				CLANG_WARN_INFINITE_RECURSION = YES;
				CLANG_WARN_INT_CONVERSION = YES;
				CLANG_WARN_NON_LITERAL_NULL_CONVERSION = YES;
				CLANG_WARN_OBJC_IMPLICIT_RETAIN_SELF = YES;
				CLANG_WARN_OBJC_LITERAL_CONVERSION = YES;
				CLANG_WARN_OBJC_ROOT_CLASS = YES_ERROR;
				CLANG_WARN_QUOTED_INCLUDE_IN_FRAMEWORK_HEADER = YES;
				CLANG_WARN_RANGE_LOOP_ANALYSIS = YES;
				CLANG_WARN_STRICT_PROTOTYPES = YES;
				CLANG_WARN_SUSPICIOUS_MOVE = YES;
				CLANG_WARN_UNGUARDED_AVAILABILITY = YES_AGGRESSIVE;
				CLANG_WARN_UNREACHABLE_CODE = YES;
				CLANG_WARN__DUPLICATE_METHOD_MATCH = YES;
				COPY_PHASE_STRIP = NO;
				DEBUG_INFORMATION_FORMAT = "dwarf-with-dsym";
				ENABLE_NS_ASSERTIONS = NO;
				ENABLE_STRICT_OBJC_MSGSEND = YES;
				GCC_C_LANGUAGE_STANDARD = gnu11;
				GCC_NO_COMMON_BLOCKS = YES;
				GCC_WARN_64_TO_32_BIT_CONVERSION = YES;
				GCC_WARN_ABOUT_RETURN_TYPE = YES_ERROR;
				GCC_WARN_UNDECLARED_SELECTOR = YES;
				GCC_WARN_UNINITIALIZED_AUTOS = YES_AGGRESSIVE;
				GCC_WARN_UNUSED_FUNCTION = YES;
				GCC_WARN_UNUSED_VARIABLE = YES;
				IPHONEOS_DEPLOYMENT_TARGET = 14.5;
				MTL_ENABLE_DEBUG_INFO = NO;
				MTL_FAST_MATH = YES;
				SDKROOT = iphoneos;
				SWIFT_COMPILATION_MODE = wholemodule;
				SWIFT_OPTIMIZATION_LEVEL = "-O";
				VALIDATE_PRODUCT = YES;
			};
			name = Release;
		};
		9419E6AC28D5CFFF00C29FB5 /* Debug */ = {
			isa = XCBuildConfiguration;
			buildSettings = {
				ASSETCATALOG_COMPILER_APPICON_NAME = AppIcon;
				ASSETCATALOG_COMPILER_GLOBAL_ACCENT_COLOR_NAME = AccentColor;
				CODE_SIGN_STYLE = Automatic;
				CURRENT_PROJECT_VERSION = 1;
				DEVELOPMENT_TEAM = 4Z3SGZ5ZPA;
				GENERATE_INFOPLIST_FILE = YES;
				INFOPLIST_FILE = "mdleypunskiyPW2-2022/Info.plist";
				INFOPLIST_KEY_UIApplicationSupportsIndirectInputEvents = YES;
				INFOPLIST_KEY_UILaunchStoryboardName = LaunchScreen;
				INFOPLIST_KEY_UISupportedInterfaceOrientations_iPad = UIInterfaceOrientationPortrait;
				INFOPLIST_KEY_UISupportedInterfaceOrientations_iPhone = UIInterfaceOrientationPortrait;
				IPHONEOS_DEPLOYMENT_TARGET = 14.5;
				LD_RUNPATH_SEARCH_PATHS = (
					"$(inherited)",
					"@executable_path/Frameworks",
				);
				MARKETING_VERSION = 1.0;
				PRODUCT_BUNDLE_IDENTIFIER = "edu.hse.mdleypunskiyPW2-2022";
				PRODUCT_NAME = "$(TARGET_NAME)";
				SWIFT_EMIT_LOC_STRINGS = YES;
				SWIFT_VERSION = 5.0;
				TARGETED_DEVICE_FAMILY = "1,2";
			};
			name = Debug;
		};
		9419E6AD28D5CFFF00C29FB5 /* Release */ = {
			isa = XCBuildConfiguration;
			buildSettings = {
				ASSETCATALOG_COMPILER_APPICON_NAME = AppIcon;
				ASSETCATALOG_COMPILER_GLOBAL_ACCENT_COLOR_NAME = AccentColor;
				CODE_SIGN_STYLE = Automatic;
				CURRENT_PROJECT_VERSION = 1;
				DEVELOPMENT_TEAM = 4Z3SGZ5ZPA;
				GENERATE_INFOPLIST_FILE = YES;
				INFOPLIST_FILE = "mdleypunskiyPW2-2022/Info.plist";
				INFOPLIST_KEY_UIApplicationSupportsIndirectInputEvents = YES;
				INFOPLIST_KEY_UILaunchStoryboardName = LaunchScreen;
				INFOPLIST_KEY_UISupportedInterfaceOrientations_iPad = UIInterfaceOrientationPortrait;
				INFOPLIST_KEY_UISupportedInterfaceOrientations_iPhone = UIInterfaceOrientationPortrait;
				IPHONEOS_DEPLOYMENT_TARGET = 14.5;
				LD_RUNPATH_SEARCH_PATHS = (
					"$(inherited)",
					"@executable_path/Frameworks",
				);
				MARKETING_VERSION = 1.0;
				PRODUCT_BUNDLE_IDENTIFIER = "edu.hse.mdleypunskiyPW2-2022";
				PRODUCT_NAME = "$(TARGET_NAME)";
				SWIFT_EMIT_LOC_STRINGS = YES;
				SWIFT_VERSION = 5.0;
				TARGETED_DEVICE_FAMILY = "1,2";
			};
			name = Release;
		};
/* End XCBuildConfiguration section */

/* Begin XCConfigurationList section */
		9419E69228D5CFFE00C29FB5 /* Build configuration list for PBXProject "mdleypunskiyPW2-2022" */ = {
			isa = XCConfigurationList;
			buildConfigurations = (
				9419E6A928D5CFFF00C29FB5 /* Debug */,
				9419E6AA28D5CFFF00C29FB5 /* Release */,
			);
			defaultConfigurationIsVisible = 0;
			defaultConfigurationName = Release;
		};
		9419E6AB28D5CFFF00C29FB5 /* Build configuration list for PBXNativeTarget "mdleypunskiyPW2-2022" */ = {
			isa = XCConfigurationList;
			buildConfigurations = (
				9419E6AC28D5CFFF00C29FB5 /* Debug */,
				9419E6AD28D5CFFF00C29FB5 /* Release */,
			);
			defaultConfigurationIsVisible = 0;
			defaultConfigurationName = Release;
		};
/* End XCConfigurationList section */
	};
	rootObject = 9419E68F28D5CFFE00C29FB5 /* Project object */;
}
